// !$*UTF8*$!
{
	archiveVersion = 1;
	classes = {
	};
	objectVersion = 46;
	objects = {

/* Begin PBXBuildFile section */
		2C5553141C6C529700D9C815 /* AppDelegate.swift in Sources */ = {isa = PBXBuildFile; fileRef = 2C5553131C6C529700D9C815 /* AppDelegate.swift */; };
		2C5553161C6C529700D9C815 /* DemoViewController.swift in Sources */ = {isa = PBXBuildFile; fileRef = 2C5553151C6C529700D9C815 /* DemoViewController.swift */; };
		2C5553191C6C529700D9C815 /* Main.storyboard in Resources */ = {isa = PBXBuildFile; fileRef = 2C5553171C6C529700D9C815 /* Main.storyboard */; };
		2C55531B1C6C529700D9C815 /* Assets.xcassets in Resources */ = {isa = PBXBuildFile; fileRef = 2C55531A1C6C529700D9C815 /* Assets.xcassets */; };
		2C55531E1C6C529700D9C815 /* LaunchScreen.storyboard in Resources */ = {isa = PBXBuildFile; fileRef = 2C55531C1C6C529700D9C815 /* LaunchScreen.storyboard */; };
		2C5553291C6C529700D9C815 /* PeekViewDemoTests.swift in Sources */ = {isa = PBXBuildFile; fileRef = 2C5553281C6C529700D9C815 /* PeekViewDemoTests.swift */; };
		2C5553351C6C52C300D9C815 /* PeekView.swift in Sources */ = {isa = PBXBuildFile; fileRef = 2C5553341C6C52C300D9C815 /* PeekView.swift */; };
		2C5553371C6C532F00D9C815 /* DetailViewController.swift in Sources */ = {isa = PBXBuildFile; fileRef = 2C5553361C6C532F00D9C815 /* DetailViewController.swift */; };
		2CB374321C6DD53200A9F255 /* arrow@2x.png in Resources */ = {isa = PBXBuildFile; fileRef = 2CB3742E1C6DD53200A9F255 /* arrow@2x.png */; };
		2CB374331C6DD53200A9F255 /* arrow@3x.png in Resources */ = {isa = PBXBuildFile; fileRef = 2CB3742F1C6DD53200A9F255 /* arrow@3x.png */; };
		2CB374341C6DD53200A9F255 /* checked@2x.png in Resources */ = {isa = PBXBuildFile; fileRef = 2CB374301C6DD53200A9F255 /* checked@2x.png */; };
		2CB374351C6DD53200A9F255 /* checked@3x.png in Resources */ = {isa = PBXBuildFile; fileRef = 2CB374311C6DD53200A9F255 /* checked@3x.png */; };
/* End PBXBuildFile section */

/* Begin PBXContainerItemProxy section */
		2C5553251C6C529700D9C815 /* PBXContainerItemProxy */ = {
			isa = PBXContainerItemProxy;
			containerPortal = 2C5553081C6C529700D9C815 /* Project object */;
			proxyType = 1;
			remoteGlobalIDString = 2C55530F1C6C529700D9C815;
			remoteInfo = PeekViewDemo;
		};
/* End PBXContainerItemProxy section */

/* Begin PBXFileReference section */
		2C5553101C6C529700D9C815 /* PeekViewDemo.app */ = {isa = PBXFileReference; explicitFileType = wrapper.application; includeInIndex = 0; path = PeekViewDemo.app; sourceTree = BUILT_PRODUCTS_DIR; };
		2C5553131C6C529700D9C815 /* AppDelegate.swift */ = {isa = PBXFileReference; lastKnownFileType = sourcecode.swift; path = AppDelegate.swift; sourceTree = "<group>"; };
		2C5553151C6C529700D9C815 /* DemoViewController.swift */ = {isa = PBXFileReference; lastKnownFileType = sourcecode.swift; path = DemoViewController.swift; sourceTree = "<group>"; };
		2C5553181C6C529700D9C815 /* Base */ = {isa = PBXFileReference; lastKnownFileType = file.storyboard; name = Base; path = Base.lproj/Main.storyboard; sourceTree = "<group>"; };
		2C55531A1C6C529700D9C815 /* Assets.xcassets */ = {isa = PBXFileReference; lastKnownFileType = folder.assetcatalog; path = Assets.xcassets; sourceTree = "<group>"; };
		2C55531D1C6C529700D9C815 /* Base */ = {isa = PBXFileReference; lastKnownFileType = file.storyboard; name = Base; path = Base.lproj/LaunchScreen.storyboard; sourceTree = "<group>"; };
		2C55531F1C6C529700D9C815 /* Info.plist */ = {isa = PBXFileReference; lastKnownFileType = text.plist.xml; path = Info.plist; sourceTree = "<group>"; };
		2C5553241C6C529700D9C815 /* PeekViewDemoTests.xctest */ = {isa = PBXFileReference; explicitFileType = wrapper.cfbundle; includeInIndex = 0; path = PeekViewDemoTests.xctest; sourceTree = BUILT_PRODUCTS_DIR; };
		2C5553281C6C529700D9C815 /* PeekViewDemoTests.swift */ = {isa = PBXFileReference; lastKnownFileType = sourcecode.swift; path = PeekViewDemoTests.swift; sourceTree = "<group>"; };
		2C55532A1C6C529700D9C815 /* Info.plist */ = {isa = PBXFileReference; lastKnownFileType = text.plist.xml; path = Info.plist; sourceTree = "<group>"; };
		2C5553341C6C52C300D9C815 /* PeekView.swift */ = {isa = PBXFileReference; fileEncoding = 4; lastKnownFileType = sourcecode.swift; path = PeekView.swift; sourceTree = "<group>"; };
		2C5553361C6C532F00D9C815 /* DetailViewController.swift */ = {isa = PBXFileReference; fileEncoding = 4; lastKnownFileType = sourcecode.swift; path = DetailViewController.swift; sourceTree = "<group>"; };
		2CB3742E1C6DD53200A9F255 /* arrow@2x.png */ = {isa = PBXFileReference; lastKnownFileType = image.png; path = "arrow@2x.png"; sourceTree = "<group>"; };
		2CB3742F1C6DD53200A9F255 /* arrow@3x.png */ = {isa = PBXFileReference; lastKnownFileType = image.png; path = "arrow@3x.png"; sourceTree = "<group>"; };
		2CB374301C6DD53200A9F255 /* checked@2x.png */ = {isa = PBXFileReference; lastKnownFileType = image.png; path = "checked@2x.png"; sourceTree = "<group>"; };
		2CB374311C6DD53200A9F255 /* checked@3x.png */ = {isa = PBXFileReference; lastKnownFileType = image.png; path = "checked@3x.png"; sourceTree = "<group>"; };
/* End PBXFileReference section */

/* Begin PBXFrameworksBuildPhase section */
		2C55530D1C6C529700D9C815 /* Frameworks */ = {
			isa = PBXFrameworksBuildPhase;
			buildActionMask = 2147483647;
			files = (
			);
			runOnlyForDeploymentPostprocessing = 0;
		};
		2C5553211C6C529700D9C815 /* Frameworks */ = {
			isa = PBXFrameworksBuildPhase;
			buildActionMask = 2147483647;
			files = (
			);
			runOnlyForDeploymentPostprocessing = 0;
		};
/* End PBXFrameworksBuildPhase section */

/* Begin PBXGroup section */
		2C5553071C6C529700D9C815 = {
			isa = PBXGroup;
			children = (
				2C5553121C6C529700D9C815 /* PeekViewDemo */,
				2C5553271C6C529700D9C815 /* PeekViewDemoTests */,
				2C5553111C6C529700D9C815 /* Products */,
			);
			sourceTree = "<group>";
		};
		2C5553111C6C529700D9C815 /* Products */ = {
			isa = PBXGroup;
			children = (
				2C5553101C6C529700D9C815 /* PeekViewDemo.app */,
				2C5553241C6C529700D9C815 /* PeekViewDemoTests.xctest */,
			);
			name = Products;
			sourceTree = "<group>";
		};
		2C5553121C6C529700D9C815 /* PeekViewDemo */ = {
			isa = PBXGroup;
			children = (
				2C5553331C6C52B500D9C815 /* Source */,
				2C5553131C6C529700D9C815 /* AppDelegate.swift */,
				2C5553151C6C529700D9C815 /* DemoViewController.swift */,
				2C5553361C6C532F00D9C815 /* DetailViewController.swift */,
				2C5553171C6C529700D9C815 /* Main.storyboard */,
				2C55531A1C6C529700D9C815 /* Assets.xcassets */,
				2C55531C1C6C529700D9C815 /* LaunchScreen.storyboard */,
				2C55531F1C6C529700D9C815 /* Info.plist */,
			);
			path = PeekViewDemo;
			sourceTree = "<group>";
		};
		2C5553271C6C529700D9C815 /* PeekViewDemoTests */ = {
			isa = PBXGroup;
			children = (
				2C5553281C6C529700D9C815 /* PeekViewDemoTests.swift */,
				2C55532A1C6C529700D9C815 /* Info.plist */,
			);
			path = PeekViewDemoTests;
			sourceTree = "<group>";
		};
		2C5553331C6C52B500D9C815 /* Source */ = {
			isa = PBXGroup;
			children = (
				2CB3742D1C6DD53200A9F255 /* Assets */,
				2C5553341C6C52C300D9C815 /* PeekView.swift */,
			);
			name = Source;
			path = ../../Source;
			sourceTree = "<group>";
		};
		2CB3742D1C6DD53200A9F255 /* Assets */ = {
			isa = PBXGroup;
			children = (
				2CB3742E1C6DD53200A9F255 /* arrow@2x.png */,
				2CB3742F1C6DD53200A9F255 /* arrow@3x.png */,
				2CB374301C6DD53200A9F255 /* checked@2x.png */,
				2CB374311C6DD53200A9F255 /* checked@3x.png */,
			);
			path = Assets;
			sourceTree = "<group>";
		};
/* End PBXGroup section */

/* Begin PBXNativeTarget section */
		2C55530F1C6C529700D9C815 /* PeekViewDemo */ = {
			isa = PBXNativeTarget;
			buildConfigurationList = 2C55532D1C6C529700D9C815 /* Build configuration list for PBXNativeTarget "PeekViewDemo" */;
			buildPhases = (
				2C55530C1C6C529700D9C815 /* Sources */,
				2C55530D1C6C529700D9C815 /* Frameworks */,
				2C55530E1C6C529700D9C815 /* Resources */,
			);
			buildRules = (
			);
			dependencies = (
			);
			name = PeekViewDemo;
			productName = PeekViewDemo;
			productReference = 2C5553101C6C529700D9C815 /* PeekViewDemo.app */;
			productType = "com.apple.product-type.application";
		};
		2C5553231C6C529700D9C815 /* PeekViewDemoTests */ = {
			isa = PBXNativeTarget;
			buildConfigurationList = 2C5553301C6C529700D9C815 /* Build configuration list for PBXNativeTarget "PeekViewDemoTests" */;
			buildPhases = (
				2C5553201C6C529700D9C815 /* Sources */,
				2C5553211C6C529700D9C815 /* Frameworks */,
				2C5553221C6C529700D9C815 /* Resources */,
			);
			buildRules = (
			);
			dependencies = (
				2C5553261C6C529700D9C815 /* PBXTargetDependency */,
			);
			name = PeekViewDemoTests;
			productName = PeekViewDemoTests;
			productReference = 2C5553241C6C529700D9C815 /* PeekViewDemoTests.xctest */;
			productType = "com.apple.product-type.bundle.unit-test";
		};
/* End PBXNativeTarget section */

/* Begin PBXProject section */
		2C5553081C6C529700D9C815 /* Project object */ = {
			isa = PBXProject;
			attributes = {
				LastSwiftUpdateCheck = 0720;
				LastUpgradeCheck = 0720;
				ORGANIZATIONNAME = "Huong Do";
				TargetAttributes = {
					2C55530F1C6C529700D9C815 = {
						CreatedOnToolsVersion = 7.2.1;
						LastSwiftMigration = 0800;
					};
					2C5553231C6C529700D9C815 = {
						CreatedOnToolsVersion = 7.2.1;
						LastSwiftMigration = 0800;
						TestTargetID = 2C55530F1C6C529700D9C815;
					};
				};
			};
			buildConfigurationList = 2C55530B1C6C529700D9C815 /* Build configuration list for PBXProject "PeekViewDemo" */;
			compatibilityVersion = "Xcode 3.2";
			developmentRegion = English;
			hasScannedForEncodings = 0;
			knownRegions = (
				en,
				Base,
			);
			mainGroup = 2C5553071C6C529700D9C815;
			productRefGroup = 2C5553111C6C529700D9C815 /* Products */;
			projectDirPath = "";
			projectRoot = "";
			targets = (
				2C55530F1C6C529700D9C815 /* PeekViewDemo */,
				2C5553231C6C529700D9C815 /* PeekViewDemoTests */,
			);
		};
/* End PBXProject section */

/* Begin PBXResourcesBuildPhase section */
		2C55530E1C6C529700D9C815 /* Resources */ = {
			isa = PBXResourcesBuildPhase;
			buildActionMask = 2147483647;
			files = (
				2CB374321C6DD53200A9F255 /* arrow@2x.png in Resources */,
				2CB374331C6DD53200A9F255 /* arrow@3x.png in Resources */,
				2CB374341C6DD53200A9F255 /* checked@2x.png in Resources */,
				2C55531E1C6C529700D9C815 /* LaunchScreen.storyboard in Resources */,
				2C55531B1C6C529700D9C815 /* Assets.xcassets in Resources */,
				2C5553191C6C529700D9C815 /* Main.storyboard in Resources */,
				2CB374351C6DD53200A9F255 /* checked@3x.png in Resources */,
			);
			runOnlyForDeploymentPostprocessing = 0;
		};
		2C5553221C6C529700D9C815 /* Resources */ = {
			isa = PBXResourcesBuildPhase;
			buildActionMask = 2147483647;
			files = (
			);
			runOnlyForDeploymentPostprocessing = 0;
		};
/* End PBXResourcesBuildPhase section */

/* Begin PBXSourcesBuildPhase section */
		2C55530C1C6C529700D9C815 /* Sources */ = {
			isa = PBXSourcesBuildPhase;
			buildActionMask = 2147483647;
			files = (
				2C5553161C6C529700D9C815 /* DemoViewController.swift in Sources */,
				2C5553141C6C529700D9C815 /* AppDelegate.swift in Sources */,
				2C5553351C6C52C300D9C815 /* PeekView.swift in Sources */,
				2C5553371C6C532F00D9C815 /* DetailViewController.swift in Sources */,
			);
			runOnlyForDeploymentPostprocessing = 0;
		};
		2C5553201C6C529700D9C815 /* Sources */ = {
			isa = PBXSourcesBuildPhase;
			buildActionMask = 2147483647;
			files = (
				2C5553291C6C529700D9C815 /* PeekViewDemoTests.swift in Sources */,
			);
			runOnlyForDeploymentPostprocessing = 0;
		};
/* End PBXSourcesBuildPhase section */

/* Begin PBXTargetDependency section */
		2C5553261C6C529700D9C815 /* PBXTargetDependency */ = {
			isa = PBXTargetDependency;
			target = 2C55530F1C6C529700D9C815 /* PeekViewDemo */;
			targetProxy = 2C5553251C6C529700D9C815 /* PBXContainerItemProxy */;
		};
/* End PBXTargetDependency section */

/* Begin PBXVariantGroup section */
		2C5553171C6C529700D9C815 /* Main.storyboard */ = {
			isa = PBXVariantGroup;
			children = (
				2C5553181C6C529700D9C815 /* Base */,
			);
			name = Main.storyboard;
			sourceTree = "<group>";
		};
		2C55531C1C6C529700D9C815 /* LaunchScreen.storyboard */ = {
			isa = PBXVariantGroup;
			children = (
				2C55531D1C6C529700D9C815 /* Base */,
			);
			name = LaunchScreen.storyboard;
			sourceTree = "<group>";
		};
/* End PBXVariantGroup section */

/* Begin XCBuildConfiguration section */
		2C55532B1C6C529700D9C815 /* Debug */ = {
			isa = XCBuildConfiguration;
			buildSettings = {
				ALWAYS_SEARCH_USER_PATHS = NO;
				CLANG_CXX_LANGUAGE_STANDARD = "gnu++0x";
				CLANG_CXX_LIBRARY = "libc++";
				CLANG_ENABLE_MODULES = YES;
				CLANG_ENABLE_OBJC_ARC = YES;
				CLANG_WARN_BOOL_CONVERSION = YES;
				CLANG_WARN_CONSTANT_CONVERSION = YES;
				CLANG_WARN_DIRECT_OBJC_ISA_USAGE = YES_ERROR;
				CLANG_WARN_EMPTY_BODY = YES;
				CLANG_WARN_ENUM_CONVERSION = YES;
				CLANG_WARN_INT_CONVERSION = YES;
				CLANG_WARN_OBJC_ROOT_CLASS = YES_ERROR;
				CLANG_WARN_UNREACHABLE_CODE = YES;
				CLANG_WARN__DUPLICATE_METHOD_MATCH = YES;
				"CODE_SIGN_IDENTITY[sdk=iphoneos*]" = "iPhone Developer";
				COPY_PHASE_STRIP = NO;
				DEBUG_INFORMATION_FORMAT = dwarf;
				ENABLE_STRICT_OBJC_MSGSEND = YES;
				ENABLE_TESTABILITY = YES;
				GCC_C_LANGUAGE_STANDARD = gnu99;
				GCC_DYNAMIC_NO_PIC = NO;
				GCC_NO_COMMON_BLOCKS = YES;
				GCC_OPTIMIZATION_LEVEL = 0;
				GCC_PREPROCESSOR_DEFINITIONS = (
					"DEBUG=1",
					"$(inherited)",
				);
				GCC_WARN_64_TO_32_BIT_CONVERSION = YES;
				GCC_WARN_ABOUT_RETURN_TYPE = YES_ERROR;
				GCC_WARN_UNDECLARED_SELECTOR = YES;
				GCC_WARN_UNINITIALIZED_AUTOS = YES_AGGRESSIVE;
				GCC_WARN_UNUSED_FUNCTION = YES;
				GCC_WARN_UNUSED_VARIABLE = YES;
				IPHONEOS_DEPLOYMENT_TARGET = 8.0;
				MTL_ENABLE_DEBUG_INFO = YES;
				ONLY_ACTIVE_ARCH = YES;
				SDKROOT = iphoneos;
				SWIFT_OPTIMIZATION_LEVEL = "-Onone";
				TARGETED_DEVICE_FAMILY = "1,2";
			};
			name = Debug;
		};
		2C55532C1C6C529700D9C815 /* Release */ = {
			isa = XCBuildConfiguration;
			buildSettings = {
				ALWAYS_SEARCH_USER_PATHS = NO;
				CLANG_CXX_LANGUAGE_STANDARD = "gnu++0x";
				CLANG_CXX_LIBRARY = "libc++";
				CLANG_ENABLE_MODULES = YES;
				CLANG_ENABLE_OBJC_ARC = YES;
				CLANG_WARN_BOOL_CONVERSION = YES;
				CLANG_WARN_CONSTANT_CONVERSION = YES;
				CLANG_WARN_DIRECT_OBJC_ISA_USAGE = YES_ERROR;
				CLANG_WARN_EMPTY_BODY = YES;
				CLANG_WARN_ENUM_CONVERSION = YES;
				CLANG_WARN_INT_CONVERSION = YES;
				CLANG_WARN_OBJC_ROOT_CLASS = YES_ERROR;
				CLANG_WARN_UNREACHABLE_CODE = YES;
				CLANG_WARN__DUPLICATE_METHOD_MATCH = YES;
				"CODE_SIGN_IDENTITY[sdk=iphoneos*]" = "iPhone Developer";
				COPY_PHASE_STRIP = NO;
				DEBUG_INFORMATION_FORMAT = "dwarf-with-dsym";
				ENABLE_NS_ASSERTIONS = NO;
				ENABLE_STRICT_OBJC_MSGSEND = YES;
				GCC_C_LANGUAGE_STANDARD = gnu99;
				GCC_NO_COMMON_BLOCKS = YES;
				GCC_WARN_64_TO_32_BIT_CONVERSION = YES;
				GCC_WARN_ABOUT_RETURN_TYPE = YES_ERROR;
				GCC_WARN_UNDECLARED_SELECTOR = YES;
				GCC_WARN_UNINITIALIZED_AUTOS = YES_AGGRESSIVE;
				GCC_WARN_UNUSED_FUNCTION = YES;
				GCC_WARN_UNUSED_VARIABLE = YES;
				IPHONEOS_DEPLOYMENT_TARGET = 8.0;
				MTL_ENABLE_DEBUG_INFO = NO;
				SDKROOT = iphoneos;
				TARGETED_DEVICE_FAMILY = "1,2";
				VALIDATE_PRODUCT = YES;
			};
			name = Release;
		};
		2C55532E1C6C529700D9C815 /* Debug */ = {
			isa = XCBuildConfiguration;
			buildSettings = {
				ASSETCATALOG_COMPILER_APPICON_NAME = AppIcon;
				INFOPLIST_FILE = PeekViewDemo/Info.plist;
				IPHONEOS_DEPLOYMENT_TARGET = 8.0;
				LD_RUNPATH_SEARCH_PATHS = "$(inherited) @executable_path/Frameworks";
				PRODUCT_BUNDLE_IDENTIFIER = com.ichigo.PeekViewDemo;
				PRODUCT_NAME = "$(TARGET_NAME)";
				SWIFT_VERSION = 2.3;
			};
			name = Debug;
		};
		2C55532F1C6C529700D9C815 /* Release */ = {
			isa = XCBuildConfiguration;
			buildSettings = {
				ASSETCATALOG_COMPILER_APPICON_NAME = AppIcon;
				INFOPLIST_FILE = PeekViewDemo/Info.plist;
				IPHONEOS_DEPLOYMENT_TARGET = 8.0;
				LD_RUNPATH_SEARCH_PATHS = "$(inherited) @executable_path/Frameworks";
				PRODUCT_BUNDLE_IDENTIFIER = com.ichigo.PeekViewDemo;
				PRODUCT_NAME = "$(TARGET_NAME)";
				SWIFT_VERSION = 2.3;
			};
			name = Release;
		};
		2C5553311C6C529700D9C815 /* Debug */ = {
			isa = XCBuildConfiguration;
			buildSettings = {
				BUNDLE_LOADER = "$(TEST_HOST)";
				INFOPLIST_FILE = PeekViewDemoTests/Info.plist;
				LD_RUNPATH_SEARCH_PATHS = "$(inherited) @executable_path/Frameworks @loader_path/Frameworks";
				PRODUCT_BUNDLE_IDENTIFIER = com.ichigo.PeekViewDemoTests;
				PRODUCT_NAME = "$(TARGET_NAME)";
				SWIFT_VERSION = 2.3;
				TEST_HOST = "$(BUILT_PRODUCTS_DIR)/PeekViewDemo.app/PeekViewDemo";
			};
			name = Debug;
		};
		2C5553321C6C529700D9C815 /* Release */ = {
			isa = XCBuildConfiguration;
			buildSettings = {
				BUNDLE_LOADER = "$(TEST_HOST)";
				INFOPLIST_FILE = PeekViewDemoTests/Info.plist;
				LD_RUNPATH_SEARCH_PATHS = "$(inherited) @executable_path/Frameworks @loader_path/Frameworks";
				PRODUCT_BUNDLE_IDENTIFIER = com.ichigo.PeekViewDemoTests;
				PRODUCT_NAME = "$(TARGET_NAME)";
				SWIFT_VERSION = 2.3;
				TEST_HOST = "$(BUILT_PRODUCTS_DIR)/PeekViewDemo.app/PeekViewDemo";
			};
			name = Release;
		};
/* End XCBuildConfiguration section */

/* Begin XCConfigurationList section */
		2C55530B1C6C529700D9C815 /* Build configuration list for PBXProject "PeekViewDemo" */ = {
			isa = XCConfigurationList;
			buildConfigurations = (
				2C55532B1C6C529700D9C815 /* Debug */,
				2C55532C1C6C529700D9C815 /* Release */,
			);
			defaultConfigurationIsVisible = 0;
			defaultConfigurationName = Release;
		};
		2C55532D1C6C529700D9C815 /* Build configuration list for PBXNativeTarget "PeekViewDemo" */ = {
			isa = XCConfigurationList;
			buildConfigurations = (
				2C55532E1C6C529700D9C815 /* Debug */,
				2C55532F1C6C529700D9C815 /* Release */,
			);
			defaultConfigurationIsVisible = 0;
			defaultConfigurationName = Release;
		};
		2C5553301C6C529700D9C815 /* Build configuration list for PBXNativeTarget "PeekViewDemoTests" */ = {
			isa = XCConfigurationList;
			buildConfigurations = (
				2C5553311C6C529700D9C815 /* Debug */,
				2C5553321C6C529700D9C815 /* Release */,
			);
			defaultConfigurationIsVisible = 0;
			defaultConfigurationName = Release;
		};
/* End XCConfigurationList section */
	};
	rootObject = 2C5553081C6C529700D9C815 /* Project object */;
}
